packages:
  - local: ../
    name: audit_helper_ext
  - local: test_packages/pkg_a
    name: pkg_a
  - name: dbt_utils
    package: dbt-labs/dbt_utils
    version: 1.4.1
  - name: audit_helper
    package: dbt-labs/audit_helper
    version: 0.14.0
sha1_hash: 53c0f844e57b514f5f81d78896eee404eff952fd
